// !$*UTF8*$!
{
	archiveVersion = 1;
	classes = {
	};
	objectVersion = 50;
	objects = {

/* Begin PBXBuildFile section */
		14E5C6B9267EE3ED001FE63E /* AppDelegate.swift in Sources */ = {isa = PBXBuildFile; fileRef = 14E5C6B8267EE3ED001FE63E /* AppDelegate.swift */; };
		14E5C6BB267EE3ED001FE63E /* SceneDelegate.swift in Sources */ = {isa = PBXBuildFile; fileRef = 14E5C6BA267EE3ED001FE63E /* SceneDelegate.swift */; };
		14E5C6BD267EE3ED001FE63E /* ViewController.swift in Sources */ = {isa = PBXBuildFile; fileRef = 14E5C6BC267EE3ED001FE63E /* ViewController.swift */; };
		14E5C6C0267EE3ED001FE63E /* Main.storyboard in Resources */ = {isa = PBXBuildFile; fileRef = 14E5C6BE267EE3ED001FE63E /* Main.storyboard */; };
		14E5C6C2267EE3EE001FE63E /* Assets.xcassets in Resources */ = {isa = PBXBuildFile; fileRef = 14E5C6C1267EE3EE001FE63E /* Assets.xcassets */; };
		14E5C6C5267EE3EE001FE63E /* LaunchScreen.storyboard in Resources */ = {isa = PBXBuildFile; fileRef = 14E5C6C3267EE3EE001FE63E /* LaunchScreen.storyboard */; };
		14E5C6D0267EE3EF001FE63E /* PokedexTests.swift in Sources */ = {isa = PBXBuildFile; fileRef = 14E5C6CF267EE3EF001FE63E /* PokedexTests.swift */; };
		14E5C6DB267EE3EF001FE63E /* PokedexUITests.swift in Sources */ = {isa = PBXBuildFile; fileRef = 14E5C6DA267EE3EF001FE63E /* PokedexUITests.swift */; };
		14E5C6EF267EE40E001FE63E /* Pokemon.swift in Sources */ = {isa = PBXBuildFile; fileRef = 14E5C6EE267EE40E001FE63E /* Pokemon.swift */; };
		14E5C6F7267EE41B001FE63E /* DataHandler.swift in Sources */ = {isa = PBXBuildFile; fileRef = 14E5C6F6267EE41B001FE63E /* DataHandler.swift */; };
/* End PBXBuildFile section */

/* Begin PBXContainerItemProxy section */
		14E5C6CC267EE3EF001FE63E /* PBXContainerItemProxy */ = {
			isa = PBXContainerItemProxy;
			containerPortal = 14E5C6AD267EE3ED001FE63E /* Project object */;
			proxyType = 1;
			remoteGlobalIDString = 14E5C6B4267EE3ED001FE63E;
			remoteInfo = Pokedex;
		};
		14E5C6D7267EE3EF001FE63E /* PBXContainerItemProxy */ = {
			isa = PBXContainerItemProxy;
			containerPortal = 14E5C6AD267EE3ED001FE63E /* Project object */;
			proxyType = 1;
			remoteGlobalIDString = 14E5C6B4267EE3ED001FE63E;
			remoteInfo = Pokedex;
		};
/* End PBXContainerItemProxy section */

/* Begin PBXFileReference section */
		14E5C6B5267EE3ED001FE63E /* Pokedex.app */ = {isa = PBXFileReference; explicitFileType = wrapper.application; includeInIndex = 0; path = Pokedex.app; sourceTree = BUILT_PRODUCTS_DIR; };
		14E5C6B8267EE3ED001FE63E /* AppDelegate.swift */ = {isa = PBXFileReference; lastKnownFileType = sourcecode.swift; path = AppDelegate.swift; sourceTree = "<group>"; };
		14E5C6BA267EE3ED001FE63E /* SceneDelegate.swift */ = {isa = PBXFileReference; lastKnownFileType = sourcecode.swift; path = SceneDelegate.swift; sourceTree = "<group>"; };
		14E5C6BC267EE3ED001FE63E /* ViewController.swift */ = {isa = PBXFileReference; lastKnownFileType = sourcecode.swift; path = ViewController.swift; sourceTree = "<group>"; };
		14E5C6BF267EE3ED001FE63E /* Base */ = {isa = PBXFileReference; lastKnownFileType = file.storyboard; name = Base; path = Base.lproj/Main.storyboard; sourceTree = "<group>"; };
		14E5C6C1267EE3EE001FE63E /* Assets.xcassets */ = {isa = PBXFileReference; lastKnownFileType = folder.assetcatalog; path = Assets.xcassets; sourceTree = "<group>"; };
		14E5C6C4267EE3EE001FE63E /* Base */ = {isa = PBXFileReference; lastKnownFileType = file.storyboard; name = Base; path = Base.lproj/LaunchScreen.storyboard; sourceTree = "<group>"; };
		14E5C6C6267EE3EE001FE63E /* Info.plist */ = {isa = PBXFileReference; lastKnownFileType = text.plist.xml; path = Info.plist; sourceTree = "<group>"; };
		14E5C6CB267EE3EF001FE63E /* PokedexTests.xctest */ = {isa = PBXFileReference; explicitFileType = wrapper.cfbundle; includeInIndex = 0; path = PokedexTests.xctest; sourceTree = BUILT_PRODUCTS_DIR; };
		14E5C6CF267EE3EF001FE63E /* PokedexTests.swift */ = {isa = PBXFileReference; lastKnownFileType = sourcecode.swift; path = PokedexTests.swift; sourceTree = "<group>"; };
		14E5C6D1267EE3EF001FE63E /* Info.plist */ = {isa = PBXFileReference; lastKnownFileType = text.plist.xml; path = Info.plist; sourceTree = "<group>"; };
		14E5C6D6267EE3EF001FE63E /* PokedexUITests.xctest */ = {isa = PBXFileReference; explicitFileType = wrapper.cfbundle; includeInIndex = 0; path = PokedexUITests.xctest; sourceTree = BUILT_PRODUCTS_DIR; };
		14E5C6DA267EE3EF001FE63E /* PokedexUITests.swift */ = {isa = PBXFileReference; lastKnownFileType = sourcecode.swift; path = PokedexUITests.swift; sourceTree = "<group>"; };
		14E5C6DC267EE3EF001FE63E /* Info.plist */ = {isa = PBXFileReference; lastKnownFileType = text.plist.xml; path = Info.plist; sourceTree = "<group>"; };
		14E5C6EE267EE40E001FE63E /* Pokemon.swift */ = {isa = PBXFileReference; lastKnownFileType = sourcecode.swift; path = Pokemon.swift; sourceTree = "<group>"; };
		14E5C6F6267EE41B001FE63E /* DataHandler.swift */ = {isa = PBXFileReference; lastKnownFileType = sourcecode.swift; path = DataHandler.swift; sourceTree = "<group>"; };
/* End PBXFileReference section */

/* Begin PBXFrameworksBuildPhase section */
		14E5C6B2267EE3ED001FE63E /* Frameworks */ = {
			isa = PBXFrameworksBuildPhase;
			buildActionMask = 2147483647;
			files = (
			);
			runOnlyForDeploymentPostprocessing = 0;
		};
		14E5C6C8267EE3EF001FE63E /* Frameworks */ = {
			isa = PBXFrameworksBuildPhase;
			buildActionMask = 2147483647;
			files = (
			);
			runOnlyForDeploymentPostprocessing = 0;
		};
		14E5C6D3267EE3EF001FE63E /* Frameworks */ = {
			isa = PBXFrameworksBuildPhase;
			buildActionMask = 2147483647;
			files = (
			);
			runOnlyForDeploymentPostprocessing = 0;
		};
/* End PBXFrameworksBuildPhase section */

/* Begin PBXGroup section */
		14E5C6AC267EE3ED001FE63E = {
			isa = PBXGroup;
			children = (
				14E5C6B7267EE3ED001FE63E /* Pokedex */,
				14E5C6CE267EE3EF001FE63E /* PokedexTests */,
				14E5C6D9267EE3EF001FE63E /* PokedexUITests */,
				14E5C6B6267EE3ED001FE63E /* Products */,
			);
			sourceTree = "<group>";
		};
		14E5C6B6267EE3ED001FE63E /* Products */ = {
			isa = PBXGroup;
			children = (
				14E5C6B5267EE3ED001FE63E /* Pokedex.app */,
				14E5C6CB267EE3EF001FE63E /* PokedexTests.xctest */,
				14E5C6D6267EE3EF001FE63E /* PokedexUITests.xctest */,
			);
			name = Products;
			sourceTree = "<group>";
		};
		14E5C6B7267EE3ED001FE63E /* Pokedex */ = {
			isa = PBXGroup;
			children = (
				14E5C6EC267EE3FC001FE63E /* Model */,
				14E5C6FB267EEB60001FE63E /* View */,
				14E5C6ED267EE3FF001FE63E /* Controller */,
				14E5C6EB267EE3F6001FE63E /* Networking */,
				14E5C6B8267EE3ED001FE63E /* AppDelegate.swift */,
				14E5C6BA267EE3ED001FE63E /* SceneDelegate.swift */,
				14E5C6C1267EE3EE001FE63E /* Assets.xcassets */,
				14E5C6C3267EE3EE001FE63E /* LaunchScreen.storyboard */,
				14E5C6C6267EE3EE001FE63E /* Info.plist */,
			);
			path = Pokedex;
			sourceTree = "<group>";
		};
		14E5C6CE267EE3EF001FE63E /* PokedexTests */ = {
			isa = PBXGroup;
			children = (
				14E5C6CF267EE3EF001FE63E /* PokedexTests.swift */,
				14E5C6D1267EE3EF001FE63E /* Info.plist */,
			);
			path = PokedexTests;
			sourceTree = "<group>";
		};
		14E5C6D9267EE3EF001FE63E /* PokedexUITests */ = {
			isa = PBXGroup;
			children = (
				14E5C6DA267EE3EF001FE63E /* PokedexUITests.swift */,
				14E5C6DC267EE3EF001FE63E /* Info.plist */,
			);
			path = PokedexUITests;
			sourceTree = "<group>";
		};
		14E5C6EB267EE3F6001FE63E /* Networking */ = {
			isa = PBXGroup;
			children = (
				14E5C6F6267EE41B001FE63E /* DataHandler.swift */,
			);
			path = Networking;
			sourceTree = "<group>";
		};
		14E5C6EC267EE3FC001FE63E /* Model */ = {
			isa = PBXGroup;
			children = (
				14E5C6EE267EE40E001FE63E /* Pokemon.swift */,
			);
			path = Model;
			sourceTree = "<group>";
		};
		14E5C6ED267EE3FF001FE63E /* Controller */ = {
			isa = PBXGroup;
			children = (
				14E5C6BC267EE3ED001FE63E /* ViewController.swift */,
			);
			path = Controller;
			sourceTree = "<group>";
		};
		14E5C6FB267EEB60001FE63E /* View */ = {
			isa = PBXGroup;
			children = (
				14E5C6BE267EE3ED001FE63E /* Main.storyboard */,
			);
			path = View;
			sourceTree = "<group>";
		};
/* End PBXGroup section */

/* Begin PBXNativeTarget section */
		14E5C6B4267EE3ED001FE63E /* Pokedex */ = {
			isa = PBXNativeTarget;
			buildConfigurationList = 14E5C6DF267EE3EF001FE63E /* Build configuration list for PBXNativeTarget "Pokedex" */;
			buildPhases = (
				14E5C6B1267EE3ED001FE63E /* Sources */,
				14E5C6B2267EE3ED001FE63E /* Frameworks */,
				14E5C6B3267EE3ED001FE63E /* Resources */,
			);
			buildRules = (
			);
			dependencies = (
			);
			name = Pokedex;
			productName = Pokedex;
			productReference = 14E5C6B5267EE3ED001FE63E /* Pokedex.app */;
			productType = "com.apple.product-type.application";
		};
		14E5C6CA267EE3EF001FE63E /* PokedexTests */ = {
			isa = PBXNativeTarget;
			buildConfigurationList = 14E5C6E2267EE3EF001FE63E /* Build configuration list for PBXNativeTarget "PokedexTests" */;
			buildPhases = (
				14E5C6C7267EE3EF001FE63E /* Sources */,
				14E5C6C8267EE3EF001FE63E /* Frameworks */,
				14E5C6C9267EE3EF001FE63E /* Resources */,
			);
			buildRules = (
			);
			dependencies = (
				14E5C6CD267EE3EF001FE63E /* PBXTargetDependency */,
			);
			name = PokedexTests;
			productName = PokedexTests;
			productReference = 14E5C6CB267EE3EF001FE63E /* PokedexTests.xctest */;
			productType = "com.apple.product-type.bundle.unit-test";
		};
		14E5C6D5267EE3EF001FE63E /* PokedexUITests */ = {
			isa = PBXNativeTarget;
			buildConfigurationList = 14E5C6E5267EE3EF001FE63E /* Build configuration list for PBXNativeTarget "PokedexUITests" */;
			buildPhases = (
				14E5C6D2267EE3EF001FE63E /* Sources */,
				14E5C6D3267EE3EF001FE63E /* Frameworks */,
				14E5C6D4267EE3EF001FE63E /* Resources */,
			);
			buildRules = (
			);
			dependencies = (
				14E5C6D8267EE3EF001FE63E /* PBXTargetDependency */,
			);
			name = PokedexUITests;
			productName = PokedexUITests;
			productReference = 14E5C6D6267EE3EF001FE63E /* PokedexUITests.xctest */;
			productType = "com.apple.product-type.bundle.ui-testing";
		};
/* End PBXNativeTarget section */

/* Begin PBXProject section */
		14E5C6AD267EE3ED001FE63E /* Project object */ = {
			isa = PBXProject;
			attributes = {
				LastSwiftUpdateCheck = 1240;
				LastUpgradeCheck = 1240;
				TargetAttributes = {
					14E5C6B4267EE3ED001FE63E = {
						CreatedOnToolsVersion = 12.4;
					};
					14E5C6CA267EE3EF001FE63E = {
						CreatedOnToolsVersion = 12.4;
						TestTargetID = 14E5C6B4267EE3ED001FE63E;
					};
					14E5C6D5267EE3EF001FE63E = {
						CreatedOnToolsVersion = 12.4;
						TestTargetID = 14E5C6B4267EE3ED001FE63E;
					};
				};
			};
			buildConfigurationList = 14E5C6B0267EE3ED001FE63E /* Build configuration list for PBXProject "Pokedex" */;
			compatibilityVersion = "Xcode 9.3";
			developmentRegion = en;
			hasScannedForEncodings = 0;
			knownRegions = (
				en,
				Base,
			);
			mainGroup = 14E5C6AC267EE3ED001FE63E;
			productRefGroup = 14E5C6B6267EE3ED001FE63E /* Products */;
			projectDirPath = "";
			projectRoot = "";
			targets = (
				14E5C6B4267EE3ED001FE63E /* Pokedex */,
				14E5C6CA267EE3EF001FE63E /* PokedexTests */,
				14E5C6D5267EE3EF001FE63E /* PokedexUITests */,
			);
		};
/* End PBXProject section */

/* Begin PBXResourcesBuildPhase section */
		14E5C6B3267EE3ED001FE63E /* Resources */ = {
			isa = PBXResourcesBuildPhase;
			buildActionMask = 2147483647;
			files = (
				14E5C6C5267EE3EE001FE63E /* LaunchScreen.storyboard in Resources */,
				14E5C6C2267EE3EE001FE63E /* Assets.xcassets in Resources */,
				14E5C6C0267EE3ED001FE63E /* Main.storyboard in Resources */,
			);
			runOnlyForDeploymentPostprocessing = 0;
		};
		14E5C6C9267EE3EF001FE63E /* Resources */ = {
			isa = PBXResourcesBuildPhase;
			buildActionMask = 2147483647;
			files = (
			);
			runOnlyForDeploymentPostprocessing = 0;
		};
		14E5C6D4267EE3EF001FE63E /* Resources */ = {
			isa = PBXResourcesBuildPhase;
			buildActionMask = 2147483647;
			files = (
			);
			runOnlyForDeploymentPostprocessing = 0;
		};
/* End PBXResourcesBuildPhase section */

/* Begin PBXSourcesBuildPhase section */
		14E5C6B1267EE3ED001FE63E /* Sources */ = {
			isa = PBXSourcesBuildPhase;
			buildActionMask = 2147483647;
			files = (
				14E5C6BD267EE3ED001FE63E /* ViewController.swift in Sources */,
				14E5C6EF267EE40E001FE63E /* Pokemon.swift in Sources */,
				14E5C6B9267EE3ED001FE63E /* AppDelegate.swift in Sources */,
				14E5C6BB267EE3ED001FE63E /* SceneDelegate.swift in Sources */,
				14E5C6F7267EE41B001FE63E /* DataHandler.swift in Sources */,
			);
			runOnlyForDeploymentPostprocessing = 0;
		};
		14E5C6C7267EE3EF001FE63E /* Sources */ = {
			isa = PBXSourcesBuildPhase;
			buildActionMask = 2147483647;
			files = (
				14E5C6D0267EE3EF001FE63E /* PokedexTests.swift in Sources */,
			);
			runOnlyForDeploymentPostprocessing = 0;
		};
		14E5C6D2267EE3EF001FE63E /* Sources */ = {
			isa = PBXSourcesBuildPhase;
			buildActionMask = 2147483647;
			files = (
				14E5C6DB267EE3EF001FE63E /* PokedexUITests.swift in Sources */,
			);
			runOnlyForDeploymentPostprocessing = 0;
		};
/* End PBXSourcesBuildPhase section */

/* Begin PBXTargetDependency section */
		14E5C6CD267EE3EF001FE63E /* PBXTargetDependency */ = {
			isa = PBXTargetDependency;
			target = 14E5C6B4267EE3ED001FE63E /* Pokedex */;
			targetProxy = 14E5C6CC267EE3EF001FE63E /* PBXContainerItemProxy */;
		};
		14E5C6D8267EE3EF001FE63E /* PBXTargetDependency */ = {
			isa = PBXTargetDependency;
			target = 14E5C6B4267EE3ED001FE63E /* Pokedex */;
			targetProxy = 14E5C6D7267EE3EF001FE63E /* PBXContainerItemProxy */;
		};
/* End PBXTargetDependency section */

/* Begin PBXVariantGroup section */
		14E5C6BE267EE3ED001FE63E /* Main.storyboard */ = {
			isa = PBXVariantGroup;
			children = (
				14E5C6BF267EE3ED001FE63E /* Base */,
			);
			name = Main.storyboard;
			sourceTree = "<group>";
		};
		14E5C6C3267EE3EE001FE63E /* LaunchScreen.storyboard */ = {
			isa = PBXVariantGroup;
			children = (
				14E5C6C4267EE3EE001FE63E /* Base */,
			);
			name = LaunchScreen.storyboard;
			sourceTree = "<group>";
		};
/* End PBXVariantGroup section */

/* Begin XCBuildConfiguration section */
		14E5C6DD267EE3EF001FE63E /* Debug */ = {
			isa = XCBuildConfiguration;
			buildSettings = {
				ALWAYS_SEARCH_USER_PATHS = NO;
				CLANG_ANALYZER_NONNULL = YES;
				CLANG_ANALYZER_NUMBER_OBJECT_CONVERSION = YES_AGGRESSIVE;
				CLANG_CXX_LANGUAGE_STANDARD = "gnu++14";
				CLANG_CXX_LIBRARY = "libc++";
				CLANG_ENABLE_MODULES = YES;
				CLANG_ENABLE_OBJC_ARC = YES;
				CLANG_ENABLE_OBJC_WEAK = YES;
				CLANG_WARN_BLOCK_CAPTURE_AUTORELEASING = YES;
				CLANG_WARN_BOOL_CONVERSION = YES;
				CLANG_WARN_COMMA = YES;
				CLANG_WARN_CONSTANT_CONVERSION = YES;
				CLANG_WARN_DEPRECATED_OBJC_IMPLEMENTATIONS = YES;
				CLANG_WARN_DIRECT_OBJC_ISA_USAGE = YES_ERROR;
				CLANG_WARN_DOCUMENTATION_COMMENTS = YES;
				CLANG_WARN_EMPTY_BODY = YES;
				CLANG_WARN_ENUM_CONVERSION = YES;
				CLANG_WARN_INFINITE_RECURSION = YES;
				CLANG_WARN_INT_CONVERSION = YES;
				CLANG_WARN_NON_LITERAL_NULL_CONVERSION = YES;
				CLANG_WARN_OBJC_IMPLICIT_RETAIN_SELF = YES;
				CLANG_WARN_OBJC_LITERAL_CONVERSION = YES;
				CLANG_WARN_OBJC_ROOT_CLASS = YES_ERROR;
				CLANG_WARN_QUOTED_INCLUDE_IN_FRAMEWORK_HEADER = YES;
				CLANG_WARN_RANGE_LOOP_ANALYSIS = YES;
				CLANG_WARN_STRICT_PROTOTYPES = YES;
				CLANG_WARN_SUSPICIOUS_MOVE = YES;
				CLANG_WARN_UNGUARDED_AVAILABILITY = YES_AGGRESSIVE;
				CLANG_WARN_UNREACHABLE_CODE = YES;
				CLANG_WARN__DUPLICATE_METHOD_MATCH = YES;
				COPY_PHASE_STRIP = NO;
				DEBUG_INFORMATION_FORMAT = dwarf;
				ENABLE_STRICT_OBJC_MSGSEND = YES;
				ENABLE_TESTABILITY = YES;
				GCC_C_LANGUAGE_STANDARD = gnu11;
				GCC_DYNAMIC_NO_PIC = NO;
				GCC_NO_COMMON_BLOCKS = YES;
				GCC_OPTIMIZATION_LEVEL = 0;
				GCC_PREPROCESSOR_DEFINITIONS = (
					"DEBUG=1",
					"$(inherited)",
				);
				GCC_WARN_64_TO_32_BIT_CONVERSION = YES;
				GCC_WARN_ABOUT_RETURN_TYPE = YES_ERROR;
				GCC_WARN_UNDECLARED_SELECTOR = YES;
				GCC_WARN_UNINITIALIZED_AUTOS = YES_AGGRESSIVE;
				GCC_WARN_UNUSED_FUNCTION = YES;
				GCC_WARN_UNUSED_VARIABLE = YES;
				IPHONEOS_DEPLOYMENT_TARGET = 14.4;
				MTL_ENABLE_DEBUG_INFO = INCLUDE_SOURCE;
				MTL_FAST_MATH = YES;
				ONLY_ACTIVE_ARCH = YES;
				SDKROOT = iphoneos;
				SWIFT_ACTIVE_COMPILATION_CONDITIONS = DEBUG;
				SWIFT_OPTIMIZATION_LEVEL = "-Onone";
			};
			name = Debug;
		};
		14E5C6DE267EE3EF001FE63E /* Release */ = {
			isa = XCBuildConfiguration;
			buildSettings = {
				ALWAYS_SEARCH_USER_PATHS = NO;
				CLANG_ANALYZER_NONNULL = YES;
				CLANG_ANALYZER_NUMBER_OBJECT_CONVERSION = YES_AGGRESSIVE;
				CLANG_CXX_LANGUAGE_STANDARD = "gnu++14";
				CLANG_CXX_LIBRARY = "libc++";
				CLANG_ENABLE_MODULES = YES;
				CLANG_ENABLE_OBJC_ARC = YES;
				CLANG_ENABLE_OBJC_WEAK = YES;
				CLANG_WARN_BLOCK_CAPTURE_AUTORELEASING = YES;
				CLANG_WARN_BOOL_CONVERSION = YES;
				CLANG_WARN_COMMA = YES;
				CLANG_WARN_CONSTANT_CONVERSION = YES;
				CLANG_WARN_DEPRECATED_OBJC_IMPLEMENTATIONS = YES;
				CLANG_WARN_DIRECT_OBJC_ISA_USAGE = YES_ERROR;
				CLANG_WARN_DOCUMENTATION_COMMENTS = YES;
				CLANG_WARN_EMPTY_BODY = YES;
				CLANG_WARN_ENUM_CONVERSION = YES;
				CLANG_WARN_INFINITE_RECURSION = YES;
				CLANG_WARN_INT_CONVERSION = YES;
				CLANG_WARN_NON_LITERAL_NULL_CONVERSION = YES;
				CLANG_WARN_OBJC_IMPLICIT_RETAIN_SELF = YES;
				CLANG_WARN_OBJC_LITERAL_CONVERSION = YES;
				CLANG_WARN_OBJC_ROOT_CLASS = YES_ERROR;
				CLANG_WARN_QUOTED_INCLUDE_IN_FRAMEWORK_HEADER = YES;
				CLANG_WARN_RANGE_LOOP_ANALYSIS = YES;
				CLANG_WARN_STRICT_PROTOTYPES = YES;
				CLANG_WARN_SUSPICIOUS_MOVE = YES;
				CLANG_WARN_UNGUARDED_AVAILABILITY = YES_AGGRESSIVE;
				CLANG_WARN_UNREACHABLE_CODE = YES;
				CLANG_WARN__DUPLICATE_METHOD_MATCH = YES;
				COPY_PHASE_STRIP = NO;
				DEBUG_INFORMATION_FORMAT = "dwarf-with-dsym";
				ENABLE_NS_ASSERTIONS = NO;
				ENABLE_STRICT_OBJC_MSGSEND = YES;
				GCC_C_LANGUAGE_STANDARD = gnu11;
				GCC_NO_COMMON_BLOCKS = YES;
				GCC_WARN_64_TO_32_BIT_CONVERSION = YES;
				GCC_WARN_ABOUT_RETURN_TYPE = YES_ERROR;
				GCC_WARN_UNDECLARED_SELECTOR = YES;
				GCC_WARN_UNINITIALIZED_AUTOS = YES_AGGRESSIVE;
				GCC_WARN_UNUSED_FUNCTION = YES;
				GCC_WARN_UNUSED_VARIABLE = YES;
				IPHONEOS_DEPLOYMENT_TARGET = 14.4;
				MTL_ENABLE_DEBUG_INFO = NO;
				MTL_FAST_MATH = YES;
				SDKROOT = iphoneos;
				SWIFT_COMPILATION_MODE = wholemodule;
				SWIFT_OPTIMIZATION_LEVEL = "-O";
				VALIDATE_PRODUCT = YES;
			};
			name = Release;
		};
		14E5C6E0267EE3EF001FE63E /* Debug */ = {
			isa = XCBuildConfiguration;
			buildSettings = {
				ASSETCATALOG_COMPILER_APPICON_NAME = AppIcon;
				ASSETCATALOG_COMPILER_GLOBAL_ACCENT_COLOR_NAME = AccentColor;
				CODE_SIGN_STYLE = Automatic;
				DEVELOPMENT_TEAM = 67J949XXJM;
				INFOPLIST_FILE = Pokedex/Info.plist;
				LD_RUNPATH_SEARCH_PATHS = (
					"$(inherited)",
					"@executable_path/Frameworks",
				);
				PRODUCT_BUNDLE_IDENTIFIER = com.andylochan.Pokedex;
				PRODUCT_NAME = "$(TARGET_NAME)";
				SWIFT_VERSION = 5.0;
				TARGETED_DEVICE_FAMILY = "1,2";
			};
			name = Debug;
		};
		14E5C6E1267EE3EF001FE63E /* Release */ = {
			isa = XCBuildConfiguration;
			buildSettings = {
				ASSETCATALOG_COMPILER_APPICON_NAME = AppIcon;
				ASSETCATALOG_COMPILER_GLOBAL_ACCENT_COLOR_NAME = AccentColor;
				CODE_SIGN_STYLE = Automatic;
				DEVELOPMENT_TEAM = 67J949XXJM;
				INFOPLIST_FILE = Pokedex/Info.plist;
				LD_RUNPATH_SEARCH_PATHS = (
					"$(inherited)",
					"@executable_path/Frameworks",
				);
				PRODUCT_BUNDLE_IDENTIFIER = com.andylochan.Pokedex;
				PRODUCT_NAME = "$(TARGET_NAME)";
				SWIFT_VERSION = 5.0;
				TARGETED_DEVICE_FAMILY = "1,2";
			};
			name = Release;
		};
		14E5C6E3267EE3EF001FE63E /* Debug */ = {
			isa = XCBuildConfiguration;
			buildSettings = {
				ALWAYS_EMBED_SWIFT_STANDARD_LIBRARIES = YES;
				BUNDLE_LOADER = "$(TEST_HOST)";
				CODE_SIGN_STYLE = Automatic;
				DEVELOPMENT_TEAM = 67J949XXJM;
				INFOPLIST_FILE = PokedexTests/Info.plist;
				IPHONEOS_DEPLOYMENT_TARGET = 14.4;
				LD_RUNPATH_SEARCH_PATHS = (
					"$(inherited)",
					"@executable_path/Frameworks",
					"@loader_path/Frameworks",
				);
				PRODUCT_BUNDLE_IDENTIFIER = com.andylochan.PokedexTests;
				PRODUCT_NAME = "$(TARGET_NAME)";
				SWIFT_VERSION = 5.0;
				TARGETED_DEVICE_FAMILY = "1,2";
				TEST_HOST = "$(BUILT_PRODUCTS_DIR)/Pokedex.app/Pokedex";
			};
			name = Debug;
		};
		14E5C6E4267EE3EF001FE63E /* Release */ = {
			isa = XCBuildConfiguration;
			buildSettings = {
				ALWAYS_EMBED_SWIFT_STANDARD_LIBRARIES = YES;
				BUNDLE_LOADER = "$(TEST_HOST)";
				CODE_SIGN_STYLE = Automatic;
				DEVELOPMENT_TEAM = 67J949XXJM;
				INFOPLIST_FILE = PokedexTests/Info.plist;
				IPHONEOS_DEPLOYMENT_TARGET = 14.4;
				LD_RUNPATH_SEARCH_PATHS = (
					"$(inherited)",
					"@executable_path/Frameworks",
					"@loader_path/Frameworks",
				);
				PRODUCT_BUNDLE_IDENTIFIER = com.andylochan.PokedexTests;
				PRODUCT_NAME = "$(TARGET_NAME)";
				SWIFT_VERSION = 5.0;
				TARGETED_DEVICE_FAMILY = "1,2";
				TEST_HOST = "$(BUILT_PRODUCTS_DIR)/Pokedex.app/Pokedex";
			};
			name = Release;
		};
		14E5C6E6267EE3EF001FE63E /* Debug */ = {
			isa = XCBuildConfiguration;
			buildSettings = {
				ALWAYS_EMBED_SWIFT_STANDARD_LIBRARIES = YES;
				CODE_SIGN_STYLE = Automatic;
				DEVELOPMENT_TEAM = 67J949XXJM;
				INFOPLIST_FILE = PokedexUITests/Info.plist;
				LD_RUNPATH_SEARCH_PATHS = (
					"$(inherited)",
					"@executable_path/Frameworks",
					"@loader_path/Frameworks",
				);
				PRODUCT_BUNDLE_IDENTIFIER = com.andylochan.PokedexUITests;
				PRODUCT_NAME = "$(TARGET_NAME)";
				SWIFT_VERSION = 5.0;
				TARGETED_DEVICE_FAMILY = "1,2";
				TEST_TARGET_NAME = Pokedex;
			};
			name = Debug;
		};
		14E5C6E7267EE3EF001FE63E /* Release */ = {
			isa = XCBuildConfiguration;
			buildSettings = {
				ALWAYS_EMBED_SWIFT_STANDARD_LIBRARIES = YES;
				CODE_SIGN_STYLE = Automatic;
				DEVELOPMENT_TEAM = 67J949XXJM;
				INFOPLIST_FILE = PokedexUITests/Info.plist;
				LD_RUNPATH_SEARCH_PATHS = (
					"$(inherited)",
					"@executable_path/Frameworks",
					"@loader_path/Frameworks",
				);
				PRODUCT_BUNDLE_IDENTIFIER = com.andylochan.PokedexUITests;
				PRODUCT_NAME = "$(TARGET_NAME)";
				SWIFT_VERSION = 5.0;
				TARGETED_DEVICE_FAMILY = "1,2";
				TEST_TARGET_NAME = Pokedex;
			};
			name = Release;
		};
/* End XCBuildConfiguration section */

/* Begin XCConfigurationList section */
		14E5C6B0267EE3ED001FE63E /* Build configuration list for PBXProject "Pokedex" */ = {
			isa = XCConfigurationList;
			buildConfigurations = (
				14E5C6DD267EE3EF001FE63E /* Debug */,
				14E5C6DE267EE3EF001FE63E /* Release */,
			);
			defaultConfigurationIsVisible = 0;
			defaultConfigurationName = Release;
		};
		14E5C6DF267EE3EF001FE63E /* Build configuration list for PBXNativeTarget "Pokedex" */ = {
			isa = XCConfigurationList;
			buildConfigurations = (
				14E5C6E0267EE3EF001FE63E /* Debug */,
				14E5C6E1267EE3EF001FE63E /* Release */,
			);
			defaultConfigurationIsVisible = 0;
			defaultConfigurationName = Release;
		};
		14E5C6E2267EE3EF001FE63E /* Build configuration list for PBXNativeTarget "PokedexTests" */ = {
			isa = XCConfigurationList;
			buildConfigurations = (
				14E5C6E3267EE3EF001FE63E /* Debug */,
				14E5C6E4267EE3EF001FE63E /* Release */,
			);
			defaultConfigurationIsVisible = 0;
			defaultConfigurationName = Release;
		};
		14E5C6E5267EE3EF001FE63E /* Build configuration list for PBXNativeTarget "PokedexUITests" */ = {
			isa = XCConfigurationList;
			buildConfigurations = (
				14E5C6E6267EE3EF001FE63E /* Debug */,
				14E5C6E7267EE3EF001FE63E /* Release */,
			);
			defaultConfigurationIsVisible = 0;
			defaultConfigurationName = Release;
		};
/* End XCConfigurationList section */
	};
	rootObject = 14E5C6AD267EE3ED001FE63E /* Project object */;
}
